<?xml version="1.0" encoding="utf-8"?>
<Project ToolsVersion="4.0" xmlns="http://schemas.microsoft.com/developer/msbuild/2003">
  <ItemGroup>
    <Filter Include="Header Files">
      <UniqueIdentifier>{93995380-89BD-4b04-88EB-625FBE52EBFB}</UniqueIdentifier>
      <Extensions>h;hpp;hxx;hm;inl;inc;xsd</Extensions>
    </Filter>
    <Filter Include="Header Files\RPG">
      <UniqueIdentifier>{0dde9b4a-c124-498a-b7a4-0c21c2eafe59}</UniqueIdentifier>
    </Filter>
    <Filter Include="Source Files">
      <UniqueIdentifier>{4FC737F1-C7A5-4376-A066-2A32D752A2FF}</UniqueIdentifier>
      <Extensions>cpp;c;cc;cxx;def;odl;idl;hpj;bat;asm;asmx</Extensions>
    </Filter>
    <Filter Include="Source Files\INI">
      <UniqueIdentifier>{c881e760-80a5-4102-8ad3-58978999c396}</UniqueIdentifier>
    </Filter>
    <Filter Include="Source Files\LDB">
      <UniqueIdentifier>{7a0a97cf-0642-4471-9b77-825b942f73db}</UniqueIdentifier>
    </Filter>
    <Filter Include="Source Files\LMT">
      <UniqueIdentifier>{07760826-1ea8-411e-81c3-3659cc03c568}</UniqueIdentifier>
    </Filter>
    <Filter Include="Source Files\LMU">
      <UniqueIdentifier>{9d62bde7-1f5a-4ad1-8365-e4d398bf1acb}</UniqueIdentifier>
    </Filter>
    <Filter Include="Source Files\LSD">
      <UniqueIdentifier>{832422a3-2afc-4db0-bc0e-a16ecda61ba0}</UniqueIdentifier>
    </Filter>
    <Filter Include="Source Files\RPG">
      <UniqueIdentifier>{a0b75d9e-2ee0-4d4b-85e1-1bbe7c6f074f}</UniqueIdentifier>
    </Filter>
  </ItemGroup>
  <ItemGroup>
    <ClCompile Include="..\..\src\ini.cpp">
      <Filter>Source Files\INI</Filter>
    </ClCompile>
    <ClCompile Include="..\..\src\inireader.cpp">
      <Filter>Source Files\INI</Filter>
    </ClCompile>
    <ClCompile Include="..\..\src\generated\ldb_battleranimationextension.cpp">
      <Filter>Source Files\LDB</Filter>
    </ClCompile>
    <ClCompile Include="..\..\src\generated\ldb_chipset.cpp">
      <Filter>Source Files\LDB</Filter>
    </ClCompile>
    <ClCompile Include="..\..\src\generated\ldb_class.cpp">
      <Filter>Source Files\LDB</Filter>
    </ClCompile>
    <ClCompile Include="..\..\src\generated\ldb_commonevent.cpp">
      <Filter>Source Files\LDB</Filter>
    </ClCompile>
    <ClCompile Include="..\..\src\generated\ldb_enemy.cpp">
      <Filter>Source Files\LDB</Filter>
    </ClCompile>
    <ClCompile Include="..\..\src\generated\ldb_enemyaction.cpp">
      <Filter>Source Files\LDB</Filter>
    </ClCompile>
    <ClCompile Include="..\..\src\generated\ldb_item.cpp">
      <Filter>Source Files\LDB</Filter>
    </ClCompile>
    <ClCompile Include="..\..\src\generated\ldb_learning.cpp">
      <Filter>Source Files\LDB</Filter>
    </ClCompile>
    <ClCompile Include="..\..\src\generated\ldb_music.cpp">
      <Filter>Source Files\LDB</Filter>
    </ClCompile>
    <ClCompile Include="..\..\src\ldb_reader.cpp">
      <Filter>Source Files\LDB</Filter>
    </ClCompile>
    <ClCompile Include="..\..\src\generated\ldb_skill.cpp">
      <Filter>Source Files\LDB</Filter>
    </ClCompile>
    <ClCompile Include="..\..\src\generated\ldb_sound.cpp">
      <Filter>Source Files\LDB</Filter>
    </ClCompile>
    <ClCompile Include="..\..\src\generated\ldb_state.cpp">
      <Filter>Source Files\LDB</Filter>
    </ClCompile>
    <ClCompile Include="..\..\src\generated\ldb_system.cpp">
      <Filter>Source Files\LDB</Filter>
    </ClCompile>
    <ClCompile Include="..\..\src\generated\ldb_terms.cpp">
      <Filter>Source Files\LDB</Filter>
    </ClCompile>
    <ClCompile Include="..\..\src\generated\ldb_terrain.cpp">
      <Filter>Source Files\LDB</Filter>
    </ClCompile>
    <ClCompile Include="..\..\src\generated\ldb_testbattler.cpp">
      <Filter>Source Files\LDB</Filter>
    </ClCompile>
    <ClCompile Include="..\..\src\generated\ldb_troop.cpp">
      <Filter>Source Files\LDB</Filter>
    </ClCompile>
    <ClCompile Include="..\..\src\generated\ldb_troopmember.cpp">
      <Filter>Source Files\LDB</Filter>
    </ClCompile>
    <ClCompile Include="..\..\src\generated\ldb_trooppage.cpp">
      <Filter>Source Files\LDB</Filter>
    </ClCompile>
    <ClCompile Include="..\..\src\generated\ldb_trooppagecondition.cpp">
      <Filter>Source Files\LDB</Filter>
    </ClCompile>
    <ClCompile Include="..\..\src\generated\lmt_encounter.cpp">
      <Filter>Source Files\LMT</Filter>
    </ClCompile>
    <ClCompile Include="..\..\src\generated\lmt_mapinfo.cpp">
      <Filter>Source Files\LMT</Filter>
    </ClCompile>
    <ClCompile Include="..\..\src\lmt_reader.cpp">
      <Filter>Source Files\LMT</Filter>
    </ClCompile>
    <ClCompile Include="..\..\src\generated\lmu_event.cpp">
      <Filter>Source Files\LMU</Filter>
    </ClCompile>
    <ClCompile Include="..\..\src\generated\lmu_eventpage.cpp">
      <Filter>Source Files\LMU</Filter>
    </ClCompile>
    <ClCompile Include="..\..\src\generated\lmu_eventpagecondition.cpp">
      <Filter>Source Files\LMU</Filter>
    </ClCompile>
    <ClCompile Include="..\..\src\generated\lmu_moveroute.cpp">
      <Filter>Source Files\LMU</Filter>
    </ClCompile>
    <ClCompile Include="..\..\src\lmu_reader.cpp">
      <Filter>Source Files\LMU</Filter>
    </ClCompile>
    <ClCompile Include="..\..\src\data.cpp">
      <Filter>Source Files</Filter>
    </ClCompile>
    <ClCompile Include="..\..\src\generated\ldb_battleranimationdata.cpp">
      <Filter>Source Files\LDB</Filter>
    </ClCompile>
    <ClCompile Include="..\..\src\generated\ldb_itemanimation.cpp">
      <Filter>Source Files\LDB</Filter>
    </ClCompile>
    <ClCompile Include="..\..\src\lsd_reader.cpp">
      <Filter>Source Files\LSD</Filter>
    </ClCompile>
    <ClCompile Include="..\..\src\reader_util.cpp">
      <Filter>Source Files</Filter>
    </ClCompile>
    <ClCompile Include="..\..\src\generated\lmu_map.cpp">
      <Filter>Source Files\LMU</Filter>
    </ClCompile>
    <ClCompile Include="..\..\src\lmt_treemap.cpp">
      <Filter>Source Files\LMT</Filter>
    </ClCompile>
    <ClCompile Include="..\..\src\generated\ldb_database.cpp">
      <Filter>Source Files\LDB</Filter>
    </ClCompile>
    <ClCompile Include="..\..\src\generated\lsd_save.cpp">
      <Filter>Source Files\LSD</Filter>
    </ClCompile>
    <ClCompile Include="..\..\src\generated\ldb_battlecommands.cpp">
      <Filter>Source Files\LDB</Filter>
    </ClCompile>
    <ClCompile Include="..\..\src\reader_flags.cpp">
      <Filter>Source Files</Filter>
    </ClCompile>
    <ClCompile Include="..\..\src\reader_lcf.cpp">
      <Filter>Source Files</Filter>
    </ClCompile>
    <ClCompile Include="..\..\src\reader_struct.cpp">
      <Filter>Source Files</Filter>
    </ClCompile>
    <ClCompile Include="..\..\src\reader_xml.cpp">
      <Filter>Source Files</Filter>
    </ClCompile>
    <ClCompile Include="..\..\src\ldb_equipment.cpp">
      <Filter>Source Files\LDB</Filter>
    </ClCompile>
    <ClCompile Include="..\..\src\ldb_eventcommand.cpp">
      <Filter>Source Files\LDB</Filter>
    </ClCompile>
    <ClCompile Include="..\..\src\ldb_parameters.cpp">
      <Filter>Source Files\LDB</Filter>
    </ClCompile>
    <ClCompile Include="..\..\src\lmt_rect.cpp">
      <Filter>Source Files\LMT</Filter>
    </ClCompile>
    <ClCompile Include="..\..\src\lmu_movecommand.cpp">
      <Filter>Source Files\LMU</Filter>
    </ClCompile>
    <ClCompile Include="..\..\src\writer_lcf.cpp">
      <Filter>Source Files</Filter>
    </ClCompile>
    <ClCompile Include="..\..\src\writer_xml.cpp">
      <Filter>Source Files</Filter>
    </ClCompile>
    <ClCompile Include="..\..\src\generated\lmt_start.cpp">
      <Filter>Source Files\LMT</Filter>
    </ClCompile>
    <ClCompile Include="..\..\src\generated\ldb_switch.cpp">
      <Filter>Source Files\LDB</Filter>
    </ClCompile>
    <ClCompile Include="..\..\src\generated\ldb_terrain_flags.cpp">
      <Filter>Source Files\LDB</Filter>
    </ClCompile>
    <ClCompile Include="..\..\src\generated\ldb_trooppagecondition_flags.cpp">
      <Filter>Source Files\LDB</Filter>
    </ClCompile>
    <ClCompile Include="..\..\src\generated\ldb_variable.cpp">
      <Filter>Source Files\LDB</Filter>
    </ClCompile>
    <ClCompile Include="..\..\src\generated\lmu_eventpagecondition_flags.cpp">
      <Filter>Source Files\LMU</Filter>
    </ClCompile>
    <ClCompile Include="..\..\src\generated\lsd_saveactor.cpp">
      <Filter>Source Files\LSD</Filter>
    </ClCompile>
    <ClCompile Include="..\..\src\generated\lsd_savecommonevent.cpp">
      <Filter>Source Files\LSD</Filter>
    </ClCompile>
    <ClCompile Include="..\..\src\generated\lsd_saveeventcommands.cpp">
      <Filter>Source Files\LSD</Filter>
    </ClCompile>
    <ClCompile Include="..\..\src\generated\lsd_saveeventdata.cpp">
      <Filter>Source Files\LSD</Filter>
    </ClCompile>
    <ClCompile Include="..\..\src\generated\lsd_saveevents.cpp">
      <Filter>Source Files\LSD</Filter>
    </ClCompile>
    <ClCompile Include="..\..\src\generated\lsd_saveinventory.cpp">
      <Filter>Source Files\LSD</Filter>
    </ClCompile>
    <ClCompile Include="..\..\src\generated\lsd_savemapevent.cpp">
      <Filter>Source Files\LSD</Filter>
    </ClCompile>
    <ClCompile Include="..\..\src\generated\lsd_savemapinfo.cpp">
      <Filter>Source Files\LSD</Filter>
    </ClCompile>
    <ClCompile Include="..\..\src\generated\lsd_savepartylocation.cpp">
      <Filter>Source Files\LSD</Filter>
    </ClCompile>
    <ClCompile Include="..\..\src\generated\lsd_savepicture.cpp">
      <Filter>Source Files\LSD</Filter>
    </ClCompile>
    <ClCompile Include="..\..\src\generated\lsd_savescreen.cpp">
      <Filter>Source Files\LSD</Filter>
    </ClCompile>
    <ClCompile Include="..\..\src\generated\lsd_savesystem.cpp">
      <Filter>Source Files\LSD</Filter>
    </ClCompile>
    <ClCompile Include="..\..\src\generated\lsd_savetarget.cpp">
      <Filter>Source Files\LSD</Filter>
    </ClCompile>
    <ClCompile Include="..\..\src\generated\lsd_savetitle.cpp">
      <Filter>Source Files\LSD</Filter>
    </ClCompile>
    <ClCompile Include="..\..\src\generated\lsd_savevehiclelocation.cpp">
      <Filter>Source Files\LSD</Filter>
    </ClCompile>
    <ClCompile Include="..\..\src\rpg_setup.cpp">
      <Filter>Source Files\RPG</Filter>
    </ClCompile>
    <ClCompile Include="..\..\src\generated\ldb_actor.cpp">
      <Filter>Source Files\LDB</Filter>
    </ClCompile>
    <ClCompile Include="..\..\src\generated\ldb_animation.cpp">
      <Filter>Source Files\LDB</Filter>
    </ClCompile>
    <ClCompile Include="..\..\src\generated\ldb_animationcelldata.cpp">
      <Filter>Source Files\LDB</Filter>
    </ClCompile>
    <ClCompile Include="..\..\src\generated\ldb_animationframe.cpp">
      <Filter>Source Files\LDB</Filter>
    </ClCompile>
    <ClCompile Include="..\..\src\generated\ldb_animationtiming.cpp">
      <Filter>Source Files\LDB</Filter>
    </ClCompile>
    <ClCompile Include="..\..\src\generated\ldb_attribute.cpp">
      <Filter>Source Files\LDB</Filter>
    </ClCompile>
    <ClCompile Include="..\..\src\generated\ldb_battlecommand.cpp">
      <Filter>Source Files\LDB</Filter>
    </ClCompile>
    <ClCompile Include="..\..\src\generated\ldb_battleranimation.cpp">
      <Filter>Source Files\LDB</Filter>
    </ClCompile>
    <ClCompile Include="..\..\src\rpg_fixup.cpp">
      <Filter>Source Files\RPG</Filter>
    </ClCompile>
  </ItemGroup>
  <ItemGroup>
    <ClInclude Include="..\..\src\command_codes.h">
      <Filter>Header Files</Filter>
    </ClInclude>
    <ClInclude Include="..\..\src\data.h">
      <Filter>Header Files</Filter>
    </ClInclude>
    <ClInclude Include="..\..\src\ini.h">
      <Filter>Header Files</Filter>
    </ClInclude>
    <ClInclude Include="..\..\src\inireader.h">
      <Filter>Header Files</Filter>
    </ClInclude>
    <ClInclude Include="..\..\src\ldb_reader.h">
      <Filter>Header Files</Filter>
    </ClInclude>
    <ClInclude Include="..\..\src\lmt_reader.h">
      <Filter>Header Files</Filter>
    </ClInclude>
    <ClInclude Include="..\..\src\lmu_reader.h">
      <Filter>Header Files</Filter>
    </ClInclude>
    <ClInclude Include="..\..\src\lsd_reader.h">
      <Filter>Header Files</Filter>
    </ClInclude>
    <ClInclude Include="..\..\src\reader_lcf.h">
      <Filter>Header Files</Filter>
    </ClInclude>
    <ClInclude Include="..\..\src\reader_options.h">
      <Filter>Header Files</Filter>
    </ClInclude>
    <ClInclude Include="..\..\src\reader_struct.h">
      <Filter>Header Files</Filter>
    </ClInclude>
    <ClInclude Include="..\..\src\reader_types.h">
      <Filter>Header Files</Filter>
    </ClInclude>
    <ClInclude Include="..\..\src\reader_util.h">
      <Filter>Header Files</Filter>
    </ClInclude>
    <ClInclude Include="..\..\src\reader_xml.h">
      <Filter>Header Files</Filter>
    </ClInclude>
    <ClInclude Include="..\..\src\writer_lcf.h">
      <Filter>Header Files</Filter>
    </ClInclude>
    <ClInclude Include="..\..\src\writer_xml.h">
      <Filter>Header Files</Filter>
    </ClInclude>
    <ClInclude Include="..\..\src\generated\ldb_chunks.h">
      <Filter>Header Files</Filter>
    </ClInclude>
    <ClInclude Include="..\..\src\generated\lmt_chunks.h">
      <Filter>Header Files</Filter>
    </ClInclude>
    <ClInclude Include="..\..\src\generated\lmu_chunks.h">
      <Filter>Header Files</Filter>
    </ClInclude>
    <ClInclude Include="..\..\src\generated\lsd_chunks.h">
      <Filter>Header Files</Filter>
    </ClInclude>
    <ClInclude Include="..\..\src\rpg_switch.h">
      <Filter>Header Files\RPG</Filter>
    </ClInclude>
    <ClInclude Include="..\..\src\rpg_system.h">
      <Filter>Header Files\RPG</Filter>
    </ClInclude>
    <ClInclude Include="..\..\src\rpg_terms.h">
      <Filter>Header Files\RPG</Filter>
    </ClInclude>
    <ClInclude Include="..\..\src\rpg_terrain.h">
      <Filter>Header Files\RPG</Filter>
    </ClInclude>
    <ClInclude Include="..\..\src\rpg_testbattler.h">
      <Filter>Header Files\RPG</Filter>
    </ClInclude>
    <ClInclude Include="..\..\src\rpg_treemap.h">
      <Filter>Header Files\RPG</Filter>
    </ClInclude>
    <ClInclude Include="..\..\src\rpg_troop.h">
      <Filter>Header Files\RPG</Filter>
    </ClInclude>
    <ClInclude Include="..\..\src\rpg_troopmember.h">
      <Filter>Header Files\RPG</Filter>
    </ClInclude>
    <ClInclude Include="..\..\src\rpg_trooppage.h">
      <Filter>Header Files\RPG</Filter>
    </ClInclude>
    <ClInclude Include="..\..\src\rpg_trooppagecondition.h">
      <Filter>Header Files\RPG</Filter>
    </ClInclude>
    <ClInclude Include="..\..\src\rpg_variable.h">
      <Filter>Header Files\RPG</Filter>
    </ClInclude>
    <ClInclude Include="..\..\src\rpg_itemanimation.h">
      <Filter>Header Files\RPG</Filter>
    </ClInclude>
    <ClInclude Include="..\..\src\rpg_learning.h">
      <Filter>Header Files\RPG</Filter>
    </ClInclude>
    <ClInclude Include="..\..\src\rpg_map.h">
      <Filter>Header Files\RPG</Filter>
    </ClInclude>
    <ClInclude Include="..\..\src\rpg_mapinfo.h">
      <Filter>Header Files\RPG</Filter>
    </ClInclude>
    <ClInclude Include="..\..\src\rpg_movecommand.h">
      <Filter>Header Files\RPG</Filter>
    </ClInclude>
    <ClInclude Include="..\..\src\rpg_moveroute.h">
      <Filter>Header Files\RPG</Filter>
    </ClInclude>
    <ClInclude Include="..\..\src\rpg_music.h">
      <Filter>Header Files\RPG</Filter>
    </ClInclude>
    <ClInclude Include="..\..\src\rpg_parameters.h">
      <Filter>Header Files\RPG</Filter>
    </ClInclude>
    <ClInclude Include="..\..\src\rpg_rect.h">
      <Filter>Header Files\RPG</Filter>
    </ClInclude>
    <ClInclude Include="..\..\src\rpg_save.h">
      <Filter>Header Files\RPG</Filter>
    </ClInclude>
    <ClInclude Include="..\..\src\rpg_saveactor.h">
      <Filter>Header Files\RPG</Filter>
    </ClInclude>
    <ClInclude Include="..\..\src\rpg_savecommonevent.h">
      <Filter>Header Files\RPG</Filter>
    </ClInclude>
    <ClInclude Include="..\..\src\rpg_saveeventcommands.h">
      <Filter>Header Files\RPG</Filter>
    </ClInclude>
    <ClInclude Include="..\..\src\rpg_saveeventdata.h">
      <Filter>Header Files\RPG</Filter>
    </ClInclude>
    <ClInclude Include="..\..\src\rpg_saveevents.h">
      <Filter>Header Files\RPG</Filter>
    </ClInclude>
    <ClInclude Include="..\..\src\rpg_saveinventory.h">
      <Filter>Header Files\RPG</Filter>
    </ClInclude>
    <ClInclude Include="..\..\src\rpg_savemapevent.h">
      <Filter>Header Files\RPG</Filter>
    </ClInclude>
    <ClInclude Include="..\..\src\rpg_savemapinfo.h">
      <Filter>Header Files\RPG</Filter>
    </ClInclude>
    <ClInclude Include="..\..\src\rpg_savepartylocation.h">
      <Filter>Header Files\RPG</Filter>
    </ClInclude>
    <ClInclude Include="..\..\src\rpg_savepicture.h">
      <Filter>Header Files\RPG</Filter>
    </ClInclude>
    <ClInclude Include="..\..\src\rpg_savescreen.h">
      <Filter>Header Files\RPG</Filter>
    </ClInclude>
    <ClInclude Include="..\..\src\rpg_savesystem.h">
      <Filter>Header Files\RPG</Filter>
    </ClInclude>
    <ClInclude Include="..\..\src\rpg_savetarget.h">
      <Filter>Header Files\RPG</Filter>
    </ClInclude>
    <ClInclude Include="..\..\src\rpg_savetitle.h">
      <Filter>Header Files\RPG</Filter>
    </ClInclude>
    <ClInclude Include="..\..\src\rpg_savevehiclelocation.h">
      <Filter>Header Files\RPG</Filter>
    </ClInclude>
    <ClInclude Include="..\..\src\rpg_skill.h">
      <Filter>Header Files\RPG</Filter>
    </ClInclude>
    <ClInclude Include="..\..\src\rpg_sound.h">
      <Filter>Header Files\RPG</Filter>
    </ClInclude>
    <ClInclude Include="..\..\src\rpg_start.h">
      <Filter>Header Files\RPG</Filter>
    </ClInclude>
    <ClInclude Include="..\..\src\rpg_state.h">
      <Filter>Header Files\RPG</Filter>
    </ClInclude>
    <ClInclude Include="..\..\src\rpg_actor.h">
      <Filter>Header Files\RPG</Filter>
    </ClInclude>
    <ClInclude Include="..\..\src\rpg_animation.h">
      <Filter>Header Files\RPG</Filter>
    </ClInclude>
    <ClInclude Include="..\..\src\rpg_animationcelldata.h">
      <Filter>Header Files\RPG</Filter>
    </ClInclude>
    <ClInclude Include="..\..\src\rpg_animationframe.h">
      <Filter>Header Files\RPG</Filter>
    </ClInclude>
    <ClInclude Include="..\..\src\rpg_animationtiming.h">
      <Filter>Header Files\RPG</Filter>
    </ClInclude>
    <ClInclude Include="..\..\src\rpg_attribute.h">
      <Filter>Header Files\RPG</Filter>
    </ClInclude>
    <ClInclude Include="..\..\src\rpg_battlecommand.h">
      <Filter>Header Files\RPG</Filter>
    </ClInclude>
    <ClInclude Include="..\..\src\rpg_battlecommands.h">
      <Filter>Header Files\RPG</Filter>
    </ClInclude>
    <ClInclude Include="..\..\src\rpg_battleranimation.h">
      <Filter>Header Files\RPG</Filter>
    </ClInclude>
    <ClInclude Include="..\..\src\rpg_battleranimationdata.h">
      <Filter>Header Files\RPG</Filter>
    </ClInclude>
    <ClInclude Include="..\..\src\rpg_battleranimationextension.h">
      <Filter>Header Files\RPG</Filter>
    </ClInclude>
    <ClInclude Include="..\..\src\rpg_chipset.h">
      <Filter>Header Files\RPG</Filter>
    </ClInclude>
    <ClInclude Include="..\..\src\rpg_class.h">
      <Filter>Header Files\RPG</Filter>
    </ClInclude>
    <ClInclude Include="..\..\src\rpg_commonevent.h">
      <Filter>Header Files\RPG</Filter>
    </ClInclude>
    <ClInclude Include="..\..\src\rpg_database.h">
      <Filter>Header Files\RPG</Filter>
    </ClInclude>
    <ClInclude Include="..\..\src\rpg_encounter.h">
      <Filter>Header Files\RPG</Filter>
    </ClInclude>
    <ClInclude Include="..\..\src\rpg_enemy.h">
      <Filter>Header Files\RPG</Filter>
    </ClInclude>
    <ClInclude Include="..\..\src\rpg_enemyaction.h">
      <Filter>Header Files\RPG</Filter>
    </ClInclude>
    <ClInclude Include="..\..\src\rpg_equipment.h">
      <Filter>Header Files\RPG</Filter>
    </ClInclude>
    <ClInclude Include="..\..\src\rpg_event.h">
      <Filter>Header Files\RPG</Filter>
    </ClInclude>
    <ClInclude Include="..\..\src\rpg_eventcommand.h">
      <Filter>Header Files\RPG</Filter>
    </ClInclude>
    <ClInclude Include="..\..\src\rpg_eventpage.h">
      <Filter>Header Files\RPG</Filter>
    </ClInclude>
    <ClInclude Include="..\..\src\rpg_eventpagecondition.h">
      <Filter>Header Files\RPG</Filter>
    </ClInclude>
    <ClInclude Include="..\..\src\rpg_item.h">
      <Filter>Header Files\RPG</Filter>
    </ClInclude>
    <ClInclude Include="..\..\src\generated\rpg_map_gen.h">
      <Filter>Header Files\RPG</Filter>
    </ClInclude>
    <ClInclude Include="..\..\src\generated\rpg_mapinfo_gen.h">
      <Filter>Header Files\RPG</Filter>
    </ClInclude>
    <ClInclude Include="..\..\src\generated\rpg_movecommand_gen.h">
      <Filter>Header Files\RPG</Filter>
    </ClInclude>
    <ClInclude Include="..\..\src\generated\rpg_moveroute_gen.h">
      <Filter>Header Files\RPG</Filter>
    </ClInclude>
    <ClInclude Include="..\..\src\generated\rpg_music_gen.h">
      <Filter>Header Files\RPG</Filter>
    </ClInclude>
    <ClInclude Include="..\..\src\generated\rpg_parameters_gen.h">
      <Filter>Header Files\RPG</Filter>
    </ClInclude>
    <ClInclude Include="..\..\src\generated\rpg_rect_gen.h">
      <Filter>Header Files\RPG</Filter>
    </ClInclude>
    <ClInclude Include="..\..\src\generated\rpg_save_gen.h">
      <Filter>Header Files\RPG</Filter>
    </ClInclude>
    <ClInclude Include="..\..\src\generated\rpg_saveactor_gen.h">
      <Filter>Header Files\RPG</Filter>
    </ClInclude>
    <ClInclude Include="..\..\src\generated\rpg_savecommonevent_gen.h">
      <Filter>Header Files\RPG</Filter>
    </ClInclude>
    <ClInclude Include="..\..\src\generated\rpg_saveeventcommands_gen.h">
      <Filter>Header Files\RPG</Filter>
    </ClInclude>
    <ClInclude Include="..\..\src\generated\rpg_saveeventdata_gen.h">
      <Filter>Header Files\RPG</Filter>
    </ClInclude>
    <ClInclude Include="..\..\src\generated\rpg_saveevents_gen.h">
      <Filter>Header Files\RPG</Filter>
    </ClInclude>
    <ClInclude Include="..\..\src\generated\rpg_saveinventory_gen.h">
      <Filter>Header Files\RPG</Filter>
    </ClInclude>
    <ClInclude Include="..\..\src\generated\rpg_savemapevent_gen.h">
      <Filter>Header Files\RPG</Filter>
    </ClInclude>
    <ClInclude Include="..\..\src\generated\rpg_savemapinfo_gen.h">
      <Filter>Header Files\RPG</Filter>
    </ClInclude>
    <ClInclude Include="..\..\src\generated\rpg_savepartylocation_gen.h">
      <Filter>Header Files\RPG</Filter>
    </ClInclude>
    <ClInclude Include="..\..\src\generated\rpg_savepicture_gen.h">
      <Filter>Header Files\RPG</Filter>
    </ClInclude>
    <ClInclude Include="..\..\src\generated\rpg_savescreen_gen.h">
      <Filter>Header Files\RPG</Filter>
    </ClInclude>
    <ClInclude Include="..\..\src\generated\rpg_savesystem_gen.h">
      <Filter>Header Files\RPG</Filter>
    </ClInclude>
    <ClInclude Include="..\..\src\generated\rpg_savetarget_gen.h">
      <Filter>Header Files\RPG</Filter>
    </ClInclude>
    <ClInclude Include="..\..\src\generated\rpg_savetitle_gen.h">
      <Filter>Header Files\RPG</Filter>
    </ClInclude>
    <ClInclude Include="..\..\src\generated\rpg_savevehiclelocation_gen.h">
      <Filter>Header Files\RPG</Filter>
    </ClInclude>
    <ClInclude Include="..\..\src\generated\rpg_skill_gen.h">
      <Filter>Header Files\RPG</Filter>
    </ClInclude>
    <ClInclude Include="..\..\src\generated\rpg_sound_gen.h">
      <Filter>Header Files\RPG</Filter>
    </ClInclude>
    <ClInclude Include="..\..\src\generated\rpg_start_gen.h">
      <Filter>Header Files\RPG</Filter>
    </ClInclude>
    <ClInclude Include="..\..\src\generated\rpg_state_gen.h">
      <Filter>Header Files\RPG</Filter>
    </ClInclude>
    <ClInclude Include="..\..\src\generated\rpg_switch_gen.h">
      <Filter>Header Files\RPG</Filter>
    </ClInclude>
    <ClInclude Include="..\..\src\generated\rpg_system_gen.h">
      <Filter>Header Files\RPG</Filter>
    </ClInclude>
    <ClInclude Include="..\..\src\generated\rpg_terms_gen.h">
      <Filter>Header Files\RPG</Filter>
    </ClInclude>
    <ClInclude Include="..\..\src\generated\rpg_terrain_gen.h">
      <Filter>Header Files\RPG</Filter>
    </ClInclude>
    <ClInclude Include="..\..\src\generated\rpg_testbattler_gen.h">
      <Filter>Header Files\RPG</Filter>
    </ClInclude>
    <ClInclude Include="..\..\src\generated\rpg_treemap_gen.h">
      <Filter>Header Files\RPG</Filter>
    </ClInclude>
    <ClInclude Include="..\..\src\generated\rpg_troop_gen.h">
      <Filter>Header Files\RPG</Filter>
    </ClInclude>
    <ClInclude Include="..\..\src\generated\rpg_troopmember_gen.h">
      <Filter>Header Files\RPG</Filter>
    </ClInclude>
    <ClInclude Include="..\..\src\generated\rpg_trooppage_gen.h">
      <Filter>Header Files\RPG</Filter>
    </ClInclude>
    <ClInclude Include="..\..\src\generated\rpg_trooppagecondition_gen.h">
      <Filter>Header Files\RPG</Filter>
    </ClInclude>
    <ClInclude Include="..\..\src\generated\rpg_variable_gen.h">
      <Filter>Header Files\RPG</Filter>
    </ClInclude>
    <ClInclude Include="..\..\src\generated\rpg_actor_gen.h">
      <Filter>Header Files\RPG</Filter>
    </ClInclude>
    <ClInclude Include="..\..\src\generated\rpg_animation_gen.h">
      <Filter>Header Files\RPG</Filter>
    </ClInclude>
    <ClInclude Include="..\..\src\generated\rpg_animationcelldata_gen.h">
      <Filter>Header Files\RPG</Filter>
    </ClInclude>
    <ClInclude Include="..\..\src\generated\rpg_animationframe_gen.h">
      <Filter>Header Files\RPG</Filter>
    </ClInclude>
    <ClInclude Include="..\..\src\generated\rpg_animationtiming_gen.h">
      <Filter>Header Files\RPG</Filter>
    </ClInclude>
    <ClInclude Include="..\..\src\generated\rpg_attribute_gen.h">
      <Filter>Header Files\RPG</Filter>
    </ClInclude>
    <ClInclude Include="..\..\src\generated\rpg_battlecommand_gen.h">
      <Filter>Header Files\RPG</Filter>
    </ClInclude>
    <ClInclude Include="..\..\src\generated\rpg_battlecommands_gen.h">
      <Filter>Header Files\RPG</Filter>
    </ClInclude>
    <ClInclude Include="..\..\src\generated\rpg_battleranimation_gen.h">
      <Filter>Header Files\RPG</Filter>
    </ClInclude>
    <ClInclude Include="..\..\src\generated\rpg_battleranimationdata_gen.h">
      <Filter>Header Files\RPG</Filter>
    </ClInclude>
    <ClInclude Include="..\..\src\generated\rpg_battleranimationextension_gen.h">
      <Filter>Header Files\RPG</Filter>
    </ClInclude>
    <ClInclude Include="..\..\src\generated\rpg_chipset_gen.h">
      <Filter>Header Files\RPG</Filter>
    </ClInclude>
    <ClInclude Include="..\..\src\generated\rpg_class_gen.h">
      <Filter>Header Files\RPG</Filter>
    </ClInclude>
    <ClInclude Include="..\..\src\generated\rpg_commonevent_gen.h">
      <Filter>Header Files\RPG</Filter>
    </ClInclude>
    <ClInclude Include="..\..\src\generated\rpg_database_gen.h">
      <Filter>Header Files\RPG</Filter>
    </ClInclude>
    <ClInclude Include="..\..\src\generated\rpg_encounter_gen.h">
      <Filter>Header Files\RPG</Filter>
    </ClInclude>
    <ClInclude Include="..\..\src\generated\rpg_enemy_gen.h">
      <Filter>Header Files\RPG</Filter>
    </ClInclude>
    <ClInclude Include="..\..\src\generated\rpg_enemyaction_gen.h">
      <Filter>Header Files\RPG</Filter>
    </ClInclude>
    <ClInclude Include="..\..\src\generated\rpg_equipment_gen.h">
      <Filter>Header Files\RPG</Filter>
    </ClInclude>
    <ClInclude Include="..\..\src\generated\rpg_event_gen.h">
      <Filter>Header Files\RPG</Filter>
    </ClInclude>
    <ClInclude Include="..\..\src\generated\rpg_eventcommand_gen.h">
      <Filter>Header Files\RPG</Filter>
    </ClInclude>
    <ClInclude Include="..\..\src\generated\rpg_eventpage_gen.h">
      <Filter>Header Files\RPG</Filter>
    </ClInclude>
    <ClInclude Include="..\..\src\generated\rpg_eventpagecondition_gen.h">
      <Filter>Header Files\RPG</Filter>
    </ClInclude>
    <ClInclude Include="..\..\src\generated\rpg_item_gen.h">
      <Filter>Header Files\RPG</Filter>
    </ClInclude>
    <ClInclude Include="..\..\src\generated\rpg_itemanimation_gen.h">
      <Filter>Header Files\RPG</Filter>
    </ClInclude>
    <ClInclude Include="..\..\src\generated\rpg_learning_gen.h">
      <Filter>Header Files\RPG</Filter>
    </ClInclude>
  </ItemGroup>
</Project>